{
    "version": 3,
    "terraform_version": "0.9.6",
    "serial": 25,
    "lineage": "dc5464d7-4c5c-44f8-8e7d-08a1d950e07e",
    "modules": [
        {
            "path": [
                "root"
            ],
            "outputs": {},
            "resources": {},
            "depends_on": []
        },
        {
            "path": [
                "root",
                "core"
            ],
            "outputs": {},
            "resources": {
                "data.terraform_remote_state.state": {
                    "type": "terraform_remote_state",
                    "depends_on": [],
                    "primary": {
                        "id": "2017-05-26 19:56:21.681056334 +0000 UTC",
                        "attributes": {
                            "backend": "s3",
                            "config.%": "3",
                            "config.bucket": "terraform.steelhive.com",
                            "config.key": "development/development.tfstate",
                            "config.region": "us-east-1",
                            "environment": "default",
                            "id": "2017-05-26 19:56:21.681056334 +0000 UTC"
                        },
                        "meta": {},
                        "tainted": false
                    },
                    "deposed": [],
                    "provider": ""
                }
            },
            "depends_on": []
        },
        {
            "path": [
                "root",
                "elb"
            ],
            "outputs": {
                "name": {
                    "sensitive": false,
                    "type": "string",
                    "value": "locutus-elb"
                }
            },
            "resources": {
                "aws_elb.lb": {
                    "type": "aws_elb",
                    "depends_on": [
                        "data.aws_acm_certificate.ssl"
                    ],
                    "primary": {
                        "id": "locutus-elb",
                        "attributes": {
                            "access_logs.#": "0",
                            "availability_zones.#": "4",
                            "availability_zones.1305112097": "us-east-1b",
                            "availability_zones.2762590996": "us-east-1d",
                            "availability_zones.3569565595": "us-east-1a",
                            "availability_zones.986537655": "us-east-1c",
                            "connection_draining": "true",
                            "connection_draining_timeout": "90",
                            "cross_zone_load_balancing": "true",
                            "dns_name": "locutus-elb-121256288.us-east-1.elb.amazonaws.com",
                            "health_check.#": "1",
                            "health_check.0.healthy_threshold": "2",
                            "health_check.0.interval": "30",
                            "health_check.0.target": "HTTP:80/health",
                            "health_check.0.timeout": "3",
                            "health_check.0.unhealthy_threshold": "2",
                            "id": "locutus-elb",
                            "idle_timeout": "90",
                            "instances.#": "0",
                            "internal": "false",
                            "listener.#": "1",
                            "listener.2606270268.instance_port": "80",
                            "listener.2606270268.instance_protocol": "http",
                            "listener.2606270268.lb_port": "443",
                            "listener.2606270268.lb_protocol": "https",
                            "listener.2606270268.ssl_certificate_id": "arn:aws:acm:us-east-1:552260190311:certificate/cc682851-678e-44b0-8fd7-71a581c33634",
                            "name": "locutus-elb",
                            "security_groups.#": "1",
                            "security_groups.1002190798": "sg-ddceefa3",
                            "source_security_group": "552260190311/default_elb_64e763a9-d132-3e7d-87bc-59d9fe55d37a",
                            "source_security_group_id": "sg-ddceefa3",
                            "subnets.#": "4",
                            "subnets.1978250815": "subnet-2f22f176",
                            "subnets.2686536144": "subnet-dd4ed5b8",
                            "subnets.2806571648": "subnet-7304b504",
                            "subnets.476557238": "subnet-4ea85565",
                            "tags.%": "0",
                            "zone_id": "Z35SXDOTRQ7X7K"
                        },
                        "meta": {},
                        "tainted": false
                    },
                    "deposed": [],
                    "provider": ""
                },
                "aws_route53_record.cname": {
                    "type": "aws_route53_record",
                    "depends_on": [
                        "aws_elb.lb",
                        "data.aws_route53_zone.zone"
                    ],
                    "primary": {
                        "id": "Z1M9WC0RNVBK5U_locutus.steelhive.com_CNAME",
                        "attributes": {
                            "fqdn": "locutus.steelhive.com",
                            "health_check_id": "",
                            "id": "Z1M9WC0RNVBK5U_locutus.steelhive.com_CNAME",
                            "name": "locutus.steelhive.com",
                            "records.#": "1",
                            "records.3768748730": "locutus-elb-121256288.us-east-1.elb.amazonaws.com",
                            "set_identifier": "",
                            "ttl": "5",
                            "type": "CNAME",
                            "zone_id": "Z1M9WC0RNVBK5U"
                        },
                        "meta": {
                            "schema_version": "2"
                        },
                        "tainted": false
                    },
                    "deposed": [],
                    "provider": ""
                },
                "data.aws_acm_certificate.ssl": {
                    "type": "aws_acm_certificate",
                    "depends_on": [],
                    "primary": {
                        "id": "2017-05-26 19:56:21.688028181 +0000 UTC",
                        "attributes": {
                            "arn": "arn:aws:acm:us-east-1:552260190311:certificate/cc682851-678e-44b0-8fd7-71a581c33634",
                            "domain": "*.steelhive.com",
                            "id": "2017-05-26 19:56:21.688028181 +0000 UTC",
                            "statuses.#": "1",
                            "statuses.0": "ISSUED"
                        },
                        "meta": {},
                        "tainted": false
                    },
                    "deposed": [],
                    "provider": ""
                },
                "data.aws_route53_zone.zone": {
                    "type": "aws_route53_zone",
                    "depends_on": [],
                    "primary": {
                        "id": "Z1M9WC0RNVBK5U",
                        "attributes": {
                            "caller_reference": "C35E8F68-16A8-B81C-A408-79A90E736C81",
                            "comment": "",
                            "id": "Z1M9WC0RNVBK5U",
                            "name": "steelhive.com.",
                            "private_zone": "false",
                            "resource_record_set_count": "7",
                            "zone_id": "Z1M9WC0RNVBK5U"
                        },
                        "meta": {},
                        "tainted": false
                    },
                    "deposed": [],
                    "provider": ""
                }
            },
            "depends_on": []
        },
        {
            "path": [
                "root",
                "gateway"
            ],
            "outputs": {
                "id": {
                    "sensitive": false,
                    "type": "string",
                    "value": "igw-4df8422b"
                }
            },
            "resources": {
                "aws_internet_gateway.gateway": {
                    "type": "aws_internet_gateway",
                    "depends_on": [],
                    "primary": {
                        "id": "igw-4df8422b",
                        "attributes": {
                            "id": "igw-4df8422b",
                            "tags.%": "1",
                            "tags.Name": "locutus-igw",
                            "vpc_id": "vpc-e487499d"
                        },
                        "meta": {},
                        "tainted": false
                    },
                    "deposed": [],
                    "provider": ""
                },
                "aws_route_table.table": {
                    "type": "aws_route_table",
                    "depends_on": [
                        "aws_internet_gateway.gateway"
                    ],
                    "primary": {
                        "id": "rtb-d93fbca1",
                        "attributes": {
                            "id": "rtb-d93fbca1",
                            "propagating_vgws.#": "0",
                            "route.#": "1",
                            "route.167378886.cidr_block": "0.0.0.0/0",
                            "route.167378886.egress_only_gateway_id": "",
                            "route.167378886.gateway_id": "igw-4df8422b",
                            "route.167378886.instance_id": "",
                            "route.167378886.ipv6_cidr_block": "",
                            "route.167378886.nat_gateway_id": "",
                            "route.167378886.network_interface_id": "",
                            "route.167378886.vpc_peering_connection_id": "",
                            "tags.%": "1",
                            "tags.Name": "locutus-igw-rt",
                            "vpc_id": "vpc-e487499d"
                        },
                        "meta": {},
                        "tainted": false
                    },
                    "deposed": [],
                    "provider": ""
                },
                "aws_route_table_association.association.0": {
                    "type": "aws_route_table_association",
                    "depends_on": [
                        "aws_route_table.table"
                    ],
                    "primary": {
                        "id": "rtbassoc-b30d6dc8",
                        "attributes": {
                            "id": "rtbassoc-b30d6dc8",
                            "route_table_id": "rtb-d93fbca1",
                            "subnet_id": "subnet-ca09c190"
                        },
                        "meta": {},
                        "tainted": false
                    },
                    "deposed": [],
                    "provider": ""
                },
                "aws_route_table_association.association.1": {
                    "type": "aws_route_table_association",
                    "depends_on": [
                        "aws_route_table.table"
                    ],
                    "primary": {
                        "id": "rtbassoc-390f6f42",
                        "attributes": {
                            "id": "rtbassoc-390f6f42",
                            "route_table_id": "rtb-d93fbca1",
                            "subnet_id": "subnet-bf774bda"
                        },
                        "meta": {},
                        "tainted": false
                    },
                    "deposed": [],
                    "provider": ""
                },
                "aws_route_table_association.association.2": {
                    "type": "aws_route_table_association",
                    "depends_on": [
                        "aws_route_table.table"
                    ],
                    "primary": {
                        "id": "rtbassoc-030b6b78",
                        "attributes": {
                            "id": "rtbassoc-030b6b78",
                            "route_table_id": "rtb-d93fbca1",
                            "subnet_id": "subnet-079e4c2b"
                        },
                        "meta": {},
                        "tainted": false
                    },
                    "deposed": [],
                    "provider": ""
                },
                "aws_route_table_association.association.3": {
                    "type": "aws_route_table_association",
                    "depends_on": [
                        "aws_route_table.table"
                    ],
                    "primary": {
                        "id": "rtbassoc-d20f6fa9",
                        "attributes": {
                            "id": "rtbassoc-d20f6fa9",
                            "route_table_id": "rtb-d93fbca1",
                            "subnet_id": "subnet-39da5471"
                        },
                        "meta": {},
                        "tainted": false
                    },
                    "deposed": [],
                    "provider": ""
                }
            },
            "depends_on": []
        },
        {
            "path": [
                "root",
                "master_cluster"
            ],
            "outputs": {},
            "resources": {},
            "depends_on": []
        },
        {
            "path": [
                "root",
                "minion_cluster"
            ],
            "outputs": {},
            "resources": {},
            "depends_on": []
        },
        {
            "path": [
                "root",
                "nat"
            ],
            "outputs": {
                "ids": {
                    "sensitive": false,
                    "type": "list",
                    "value": [
                        "nat-0083b0dcbc0ea3594",
                        "nat-0b7419d6e8a96338e",
                        "nat-0e88f75f7f4ac766b",
                        "nat-0e70e474ad2069a0c"
                    ]
                }
            },
            "resources": {
                "aws_eip.eip.0": {
                    "type": "aws_eip",
                    "depends_on": [],
                    "primary": {
                        "id": "eipalloc-12fe1622",
                        "attributes": {
                            "association_id": "eipassoc-3a3f4a09",
                            "domain": "vpc",
                            "id": "eipalloc-12fe1622",
                            "instance": "",
                            "network_interface": "eni-cd05c117",
                            "private_ip": "10.100.6.95",
                            "public_ip": "52.20.237.71",
                            "vpc": "true"
                        },
                        "meta": {},
                        "tainted": false
                    },
                    "deposed": [],
                    "provider": ""
                },
                "aws_eip.eip.1": {
                    "type": "aws_eip",
                    "depends_on": [],
                    "primary": {
                        "id": "eipalloc-83fd15b3",
                        "attributes": {
                            "association_id": "eipassoc-613c4952",
                            "domain": "vpc",
                            "id": "eipalloc-83fd15b3",
                            "instance": "",
                            "network_interface": "eni-428ea756",
                            "private_ip": "10.100.48.97",
                            "public_ip": "34.225.38.157",
                            "vpc": "true"
                        },
                        "meta": {},
                        "tainted": false
                    },
                    "deposed": [],
                    "provider": ""
                },
                "aws_eip.eip.2": {
                    "type": "aws_eip",
                    "depends_on": [],
                    "primary": {
                        "id": "eipalloc-49f81079",
                        "attributes": {
                            "association_id": "eipassoc-12304521",
                            "domain": "vpc",
                            "id": "eipalloc-49f81079",
                            "instance": "",
                            "network_interface": "eni-f319233a",
                            "private_ip": "10.100.78.210",
                            "public_ip": "34.225.133.117",
                            "vpc": "true"
                        },
                        "meta": {},
                        "tainted": false
                    },
                    "deposed": [],
                    "provider": ""
                },
                "aws_eip.eip.3": {
                    "type": "aws_eip",
                    "depends_on": [],
                    "primary": {
                        "id": "eipalloc-cbfc14fb",
                        "attributes": {
                            "association_id": "eipassoc-fe3f4acd",
                            "domain": "vpc",
                            "id": "eipalloc-cbfc14fb",
                            "instance": "",
                            "network_interface": "eni-5babd7bc",
                            "private_ip": "10.100.113.136",
                            "public_ip": "52.4.166.79",
                            "vpc": "true"
                        },
                        "meta": {},
                        "tainted": false
                    },
                    "deposed": [],
                    "provider": ""
                },
                "aws_nat_gateway.gateway.0": {
                    "type": "aws_nat_gateway",
                    "depends_on": [
                        "aws_eip.eip.*"
                    ],
                    "primary": {
                        "id": "nat-0083b0dcbc0ea3594",
                        "attributes": {
                            "allocation_id": "eipalloc-12fe1622",
                            "id": "nat-0083b0dcbc0ea3594",
                            "network_interface_id": "eni-cd05c117",
                            "private_ip": "10.100.6.95",
                            "public_ip": "52.20.237.71",
                            "subnet_id": "subnet-ca09c190"
                        },
                        "meta": {},
                        "tainted": false
                    },
                    "deposed": [],
                    "provider": ""
                },
                "aws_nat_gateway.gateway.1": {
                    "type": "aws_nat_gateway",
                    "depends_on": [
                        "aws_eip.eip.*"
                    ],
                    "primary": {
                        "id": "nat-0b7419d6e8a96338e",
                        "attributes": {
                            "allocation_id": "eipalloc-83fd15b3",
                            "id": "nat-0b7419d6e8a96338e",
                            "network_interface_id": "eni-428ea756",
                            "private_ip": "10.100.48.97",
                            "public_ip": "34.225.38.157",
                            "subnet_id": "subnet-bf774bda"
                        },
                        "meta": {},
                        "tainted": false
                    },
                    "deposed": [],
                    "provider": ""
                },
                "aws_nat_gateway.gateway.2": {
                    "type": "aws_nat_gateway",
                    "depends_on": [
                        "aws_eip.eip.*"
                    ],
                    "primary": {
                        "id": "nat-0e88f75f7f4ac766b",
                        "attributes": {
                            "allocation_id": "eipalloc-49f81079",
                            "id": "nat-0e88f75f7f4ac766b",
                            "network_interface_id": "eni-f319233a",
                            "private_ip": "10.100.78.210",
                            "public_ip": "34.225.133.117",
                            "subnet_id": "subnet-079e4c2b"
                        },
                        "meta": {},
                        "tainted": false
                    },
                    "deposed": [],
                    "provider": ""
                },
                "aws_nat_gateway.gateway.3": {
                    "type": "aws_nat_gateway",
                    "depends_on": [
                        "aws_eip.eip.*"
                    ],
                    "primary": {
                        "id": "nat-0e70e474ad2069a0c",
                        "attributes": {
                            "allocation_id": "eipalloc-cbfc14fb",
                            "id": "nat-0e70e474ad2069a0c",
                            "network_interface_id": "eni-5babd7bc",
                            "private_ip": "10.100.113.136",
                            "public_ip": "52.4.166.79",
                            "subnet_id": "subnet-39da5471"
                        },
                        "meta": {},
                        "tainted": false
                    },
                    "deposed": [],
                    "provider": ""
                },
                "aws_route.route.0": {
                    "type": "aws_route",
                    "depends_on": [
                        "aws_nat_gateway.gateway.*",
                        "aws_route_table.table.*"
                    ],
                    "primary": {
                        "id": "r-rtb-633bb81b1080289494",
                        "attributes": {
                            "destination_cidr_block": "0.0.0.0/0",
                            "destination_prefix_list_id": "",
                            "egress_only_gateway_id": "",
                            "gateway_id": "",
                            "id": "r-rtb-633bb81b1080289494",
                            "instance_id": "",
                            "instance_owner_id": "",
                            "nat_gateway_id": "nat-0083b0dcbc0ea3594",
                            "network_interface_id": "",
                            "origin": "CreateRoute",
                            "route_table_id": "rtb-633bb81b",
                            "state": "active",
                            "vpc_peering_connection_id": ""
                        },
                        "meta": {},
                        "tainted": false
                    },
                    "deposed": [],
                    "provider": ""
                },
                "aws_route.route.1": {
                    "type": "aws_route",
                    "depends_on": [
                        "aws_nat_gateway.gateway.*",
                        "aws_route_table.table.*"
                    ],
                    "primary": {
                        "id": "r-rtb-473fbc3f1080289494",
                        "attributes": {
                            "destination_cidr_block": "0.0.0.0/0",
                            "destination_prefix_list_id": "",
                            "egress_only_gateway_id": "",
                            "gateway_id": "",
                            "id": "r-rtb-473fbc3f1080289494",
                            "instance_id": "",
                            "instance_owner_id": "",
                            "nat_gateway_id": "nat-0b7419d6e8a96338e",
                            "network_interface_id": "",
                            "origin": "CreateRoute",
                            "route_table_id": "rtb-473fbc3f",
                            "state": "active",
                            "vpc_peering_connection_id": ""
                        },
                        "meta": {},
                        "tainted": false
                    },
                    "deposed": [],
                    "provider": ""
                },
                "aws_route.route.2": {
                    "type": "aws_route",
                    "depends_on": [
                        "aws_nat_gateway.gateway.*",
                        "aws_route_table.table.*"
                    ],
                    "primary": {
                        "id": "r-rtb-133ebd6b1080289494",
                        "attributes": {
                            "destination_cidr_block": "0.0.0.0/0",
                            "destination_prefix_list_id": "",
                            "egress_only_gateway_id": "",
                            "gateway_id": "",
                            "id": "r-rtb-133ebd6b1080289494",
                            "instance_id": "",
                            "instance_owner_id": "",
                            "nat_gateway_id": "nat-0e88f75f7f4ac766b",
                            "network_interface_id": "",
                            "origin": "CreateRoute",
                            "route_table_id": "rtb-133ebd6b",
                            "state": "active",
                            "vpc_peering_connection_id": ""
                        },
                        "meta": {},
                        "tainted": false
                    },
                    "deposed": [],
                    "provider": ""
                },
                "aws_route.route.3": {
                    "type": "aws_route",
                    "depends_on": [
                        "aws_nat_gateway.gateway.*",
                        "aws_route_table.table.*"
                    ],
                    "primary": {
                        "id": "r-rtb-c73ebdbf1080289494",
                        "attributes": {
                            "destination_cidr_block": "0.0.0.0/0",
                            "destination_prefix_list_id": "",
                            "egress_only_gateway_id": "",
                            "gateway_id": "",
                            "id": "r-rtb-c73ebdbf1080289494",
                            "instance_id": "",
                            "instance_owner_id": "",
                            "nat_gateway_id": "nat-0e70e474ad2069a0c",
                            "network_interface_id": "",
                            "origin": "CreateRoute",
                            "route_table_id": "rtb-c73ebdbf",
                            "state": "active",
                            "vpc_peering_connection_id": ""
                        },
                        "meta": {},
                        "tainted": false
                    },
                    "deposed": [],
                    "provider": ""
                },
                "aws_route_table.table.0": {
                    "type": "aws_route_table",
                    "depends_on": [],
                    "primary": {
                        "id": "rtb-633bb81b",
                        "attributes": {
                            "id": "rtb-633bb81b",
                            "propagating_vgws.#": "0",
                            "route.#": "1",
                            "route.2468509932.cidr_block": "0.0.0.0/0",
                            "route.2468509932.egress_only_gateway_id": "",
                            "route.2468509932.gateway_id": "",
                            "route.2468509932.instance_id": "",
                            "route.2468509932.ipv6_cidr_block": "",
                            "route.2468509932.nat_gateway_id": "nat-0083b0dcbc0ea3594",
                            "route.2468509932.network_interface_id": "",
                            "route.2468509932.vpc_peering_connection_id": "",
                            "tags.%": "1",
                            "tags.Name": "locutus-ngw-rt-0",
                            "vpc_id": "vpc-e487499d"
                        },
                        "meta": {},
                        "tainted": false
                    },
                    "deposed": [],
                    "provider": ""
                },
                "aws_route_table.table.1": {
                    "type": "aws_route_table",
                    "depends_on": [],
                    "primary": {
                        "id": "rtb-473fbc3f",
                        "attributes": {
                            "id": "rtb-473fbc3f",
                            "propagating_vgws.#": "0",
                            "route.#": "1",
                            "route.3333106377.cidr_block": "0.0.0.0/0",
                            "route.3333106377.egress_only_gateway_id": "",
                            "route.3333106377.gateway_id": "",
                            "route.3333106377.instance_id": "",
                            "route.3333106377.ipv6_cidr_block": "",
                            "route.3333106377.nat_gateway_id": "nat-0b7419d6e8a96338e",
                            "route.3333106377.network_interface_id": "",
                            "route.3333106377.vpc_peering_connection_id": "",
                            "tags.%": "1",
                            "tags.Name": "locutus-ngw-rt-1",
                            "vpc_id": "vpc-e487499d"
                        },
                        "meta": {},
                        "tainted": false
                    },
                    "deposed": [],
                    "provider": ""
                },
                "aws_route_table.table.2": {
                    "type": "aws_route_table",
                    "depends_on": [],
                    "primary": {
                        "id": "rtb-133ebd6b",
                        "attributes": {
                            "id": "rtb-133ebd6b",
                            "propagating_vgws.#": "0",
                            "route.#": "1",
                            "route.1932724812.cidr_block": "0.0.0.0/0",
                            "route.1932724812.egress_only_gateway_id": "",
                            "route.1932724812.gateway_id": "",
                            "route.1932724812.instance_id": "",
                            "route.1932724812.ipv6_cidr_block": "",
                            "route.1932724812.nat_gateway_id": "nat-0e88f75f7f4ac766b",
                            "route.1932724812.network_interface_id": "",
                            "route.1932724812.vpc_peering_connection_id": "",
                            "tags.%": "1",
                            "tags.Name": "locutus-ngw-rt-2",
                            "vpc_id": "vpc-e487499d"
                        },
                        "meta": {},
                        "tainted": false
                    },
                    "deposed": [],
                    "provider": ""
                },
                "aws_route_table.table.3": {
                    "type": "aws_route_table",
                    "depends_on": [],
                    "primary": {
                        "id": "rtb-c73ebdbf",
                        "attributes": {
                            "id": "rtb-c73ebdbf",
                            "propagating_vgws.#": "0",
                            "route.#": "1",
                            "route.1539454604.cidr_block": "0.0.0.0/0",
                            "route.1539454604.egress_only_gateway_id": "",
                            "route.1539454604.gateway_id": "",
                            "route.1539454604.instance_id": "",
                            "route.1539454604.ipv6_cidr_block": "",
                            "route.1539454604.nat_gateway_id": "nat-0e70e474ad2069a0c",
                            "route.1539454604.network_interface_id": "",
                            "route.1539454604.vpc_peering_connection_id": "",
                            "tags.%": "1",
                            "tags.Name": "locutus-ngw-rt-3",
                            "vpc_id": "vpc-e487499d"
                        },
                        "meta": {},
                        "tainted": false
                    },
                    "deposed": [],
                    "provider": ""
                },
                "aws_route_table_association.association.0": {
                    "type": "aws_route_table_association",
                    "depends_on": [
                        "aws_route_table.table.*"
                    ],
                    "primary": {
                        "id": "rtbassoc-520e6e29",
                        "attributes": {
                            "id": "rtbassoc-520e6e29",
                            "route_table_id": "rtb-633bb81b",
                            "subnet_id": "subnet-6409c13e"
                        },
                        "meta": {},
                        "tainted": false
                    },
                    "deposed": [],
                    "provider": ""
                },
                "aws_route_table_association.association.1": {
                    "type": "aws_route_table_association",
                    "depends_on": [
                        "aws_route_table.table.*"
                    ],
                    "primary": {
                        "id": "rtbassoc-7010700b",
                        "attributes": {
                            "id": "rtbassoc-7010700b",
                            "route_table_id": "rtb-473fbc3f",
                            "subnet_id": "subnet-6e764a0b"
                        },
                        "meta": {},
                        "tainted": false
                    },
                    "deposed": [],
                    "provider": ""
                },
                "aws_route_table_association.association.2": {
                    "type": "aws_route_table_association",
                    "depends_on": [
                        "aws_route_table.table.*"
                    ],
                    "primary": {
                        "id": "rtbassoc-c60a6abd",
                        "attributes": {
                            "id": "rtbassoc-c60a6abd",
                            "route_table_id": "rtb-133ebd6b",
                            "subnet_id": "subnet-da9f4df6"
                        },
                        "meta": {},
                        "tainted": false
                    },
                    "deposed": [],
                    "provider": ""
                },
                "aws_route_table_association.association.3": {
                    "type": "aws_route_table_association",
                    "depends_on": [
                        "aws_route_table.table.*"
                    ],
                    "primary": {
                        "id": "rtbassoc-080a6a73",
                        "attributes": {
                            "id": "rtbassoc-080a6a73",
                            "route_table_id": "rtb-c73ebdbf",
                            "subnet_id": "subnet-02d8564a"
                        },
                        "meta": {},
                        "tainted": false
                    },
                    "deposed": [],
                    "provider": ""
                }
            },
            "depends_on": []
        },
        {
            "path": [
                "root",
                "private_subnets"
            ],
            "outputs": {
                "ids": {
                    "sensitive": false,
                    "type": "list",
                    "value": [
                        "subnet-6409c13e",
                        "subnet-6e764a0b",
                        "subnet-da9f4df6",
                        "subnet-02d8564a"
                    ]
                }
            },
            "resources": {
                "aws_subnet.subnet.0": {
                    "type": "aws_subnet",
                    "depends_on": [],
                    "primary": {
                        "id": "subnet-6409c13e",
                        "attributes": {
                            "assign_ipv6_address_on_creation": "false",
                            "availability_zone": "us-east-1a",
                            "cidr_block": "10.100.128.0/19",
                            "id": "subnet-6409c13e",
                            "map_public_ip_on_launch": "false",
                            "tags.%": "1",
                            "tags.Name": "locutus-sn-private-0",
                            "vpc_id": "vpc-e487499d"
                        },
                        "meta": {
                            "schema_version": "1"
                        },
                        "tainted": false
                    },
                    "deposed": [],
                    "provider": ""
                },
                "aws_subnet.subnet.1": {
                    "type": "aws_subnet",
                    "depends_on": [],
                    "primary": {
                        "id": "subnet-6e764a0b",
                        "attributes": {
                            "assign_ipv6_address_on_creation": "false",
                            "availability_zone": "us-east-1b",
                            "cidr_block": "10.100.160.0/19",
                            "id": "subnet-6e764a0b",
                            "map_public_ip_on_launch": "false",
                            "tags.%": "1",
                            "tags.Name": "locutus-sn-private-1",
                            "vpc_id": "vpc-e487499d"
                        },
                        "meta": {
                            "schema_version": "1"
                        },
                        "tainted": false
                    },
                    "deposed": [],
                    "provider": ""
                },
                "aws_subnet.subnet.2": {
                    "type": "aws_subnet",
                    "depends_on": [],
                    "primary": {
                        "id": "subnet-da9f4df6",
                        "attributes": {
                            "assign_ipv6_address_on_creation": "false",
                            "availability_zone": "us-east-1c",
                            "cidr_block": "10.100.192.0/19",
                            "id": "subnet-da9f4df6",
                            "map_public_ip_on_launch": "false",
                            "tags.%": "1",
                            "tags.Name": "locutus-sn-private-2",
                            "vpc_id": "vpc-e487499d"
                        },
                        "meta": {
                            "schema_version": "1"
                        },
                        "tainted": false
                    },
                    "deposed": [],
                    "provider": ""
                },
                "aws_subnet.subnet.3": {
                    "type": "aws_subnet",
                    "depends_on": [],
                    "primary": {
                        "id": "subnet-02d8564a",
                        "attributes": {
                            "assign_ipv6_address_on_creation": "false",
                            "availability_zone": "us-east-1d",
                            "cidr_block": "10.100.224.0/19",
                            "id": "subnet-02d8564a",
                            "map_public_ip_on_launch": "false",
                            "tags.%": "1",
                            "tags.Name": "locutus-sn-private-3",
                            "vpc_id": "vpc-e487499d"
                        },
                        "meta": {
                            "schema_version": "1"
                        },
                        "tainted": false
                    },
                    "deposed": [],
                    "provider": ""
                }
            },
            "depends_on": []
        },
        {
            "path": [
                "root",
                "public_subnets"
            ],
            "outputs": {
                "ids": {
                    "sensitive": false,
                    "type": "list",
                    "value": [
                        "subnet-ca09c190",
                        "subnet-bf774bda",
                        "subnet-079e4c2b",
                        "subnet-39da5471"
                    ]
                }
            },
            "resources": {
                "aws_subnet.subnet.0": {
                    "type": "aws_subnet",
                    "depends_on": [],
                    "primary": {
                        "id": "subnet-ca09c190",
                        "attributes": {
                            "assign_ipv6_address_on_creation": "false",
                            "availability_zone": "us-east-1a",
                            "cidr_block": "10.100.0.0/19",
                            "id": "subnet-ca09c190",
                            "map_public_ip_on_launch": "true",
                            "tags.%": "1",
                            "tags.Name": "locutus-sn-public-0",
                            "vpc_id": "vpc-e487499d"
                        },
                        "meta": {
                            "schema_version": "1"
                        },
                        "tainted": false
                    },
                    "deposed": [],
                    "provider": ""
                },
                "aws_subnet.subnet.1": {
                    "type": "aws_subnet",
                    "depends_on": [],
                    "primary": {
                        "id": "subnet-bf774bda",
                        "attributes": {
                            "assign_ipv6_address_on_creation": "false",
                            "availability_zone": "us-east-1b",
                            "cidr_block": "10.100.32.0/19",
                            "id": "subnet-bf774bda",
                            "map_public_ip_on_launch": "true",
                            "tags.%": "1",
                            "tags.Name": "locutus-sn-public-1",
                            "vpc_id": "vpc-e487499d"
                        },
                        "meta": {
                            "schema_version": "1"
                        },
                        "tainted": false
                    },
                    "deposed": [],
                    "provider": ""
                },
                "aws_subnet.subnet.2": {
                    "type": "aws_subnet",
                    "depends_on": [],
                    "primary": {
                        "id": "subnet-079e4c2b",
                        "attributes": {
                            "assign_ipv6_address_on_creation": "false",
                            "availability_zone": "us-east-1c",
                            "cidr_block": "10.100.64.0/19",
                            "id": "subnet-079e4c2b",
                            "map_public_ip_on_launch": "true",
                            "tags.%": "1",
                            "tags.Name": "locutus-sn-public-2",
                            "vpc_id": "vpc-e487499d"
                        },
                        "meta": {
                            "schema_version": "1"
                        },
                        "tainted": false
                    },
                    "deposed": [],
                    "provider": ""
                },
                "aws_subnet.subnet.3": {
                    "type": "aws_subnet",
                    "depends_on": [],
                    "primary": {
                        "id": "subnet-39da5471",
                        "attributes": {
                            "assign_ipv6_address_on_creation": "false",
                            "availability_zone": "us-east-1d",
                            "cidr_block": "10.100.96.0/19",
                            "id": "subnet-39da5471",
                            "map_public_ip_on_launch": "true",
                            "tags.%": "1",
                            "tags.Name": "locutus-sn-public-3",
                            "vpc_id": "vpc-e487499d"
                        },
                        "meta": {
                            "schema_version": "1"
                        },
                        "tainted": false
                    },
                    "deposed": [],
                    "provider": ""
                }
            },
            "depends_on": []
        },
        {
            "path": [
                "root",
                "security_group"
            ],
            "outputs": {
                "id": {
                    "sensitive": false,
                    "type": "string",
                    "value": "sg-2111325f"
                }
            },
            "resources": {
                "aws_security_group.sg": {
                    "type": "aws_security_group",
                    "depends_on": [],
                    "primary": {
                        "id": "sg-2111325f",
                        "attributes": {
                            "description": "Locutus Security Group",
                            "egress.#": "1",
                            "egress.482069346.cidr_blocks.#": "1",
                            "egress.482069346.cidr_blocks.0": "0.0.0.0/0",
                            "egress.482069346.from_port": "0",
                            "egress.482069346.ipv6_cidr_blocks.#": "0",
                            "egress.482069346.prefix_list_ids.#": "0",
                            "egress.482069346.protocol": "-1",
                            "egress.482069346.security_groups.#": "0",
                            "egress.482069346.self": "false",
                            "egress.482069346.to_port": "0",
                            "id": "sg-2111325f",
                            "ingress.#": "2",
                            "ingress.2541437006.cidr_blocks.#": "1",
                            "ingress.2541437006.cidr_blocks.0": "0.0.0.0/0",
                            "ingress.2541437006.from_port": "22",
                            "ingress.2541437006.ipv6_cidr_blocks.#": "0",
                            "ingress.2541437006.protocol": "tcp",
                            "ingress.2541437006.security_groups.#": "0",
                            "ingress.2541437006.self": "false",
                            "ingress.2541437006.to_port": "22",
                            "ingress.2617001939.cidr_blocks.#": "1",
                            "ingress.2617001939.cidr_blocks.0": "0.0.0.0/0",
                            "ingress.2617001939.from_port": "443",
                            "ingress.2617001939.ipv6_cidr_blocks.#": "0",
                            "ingress.2617001939.protocol": "tcp",
                            "ingress.2617001939.security_groups.#": "0",
                            "ingress.2617001939.self": "false",
                            "ingress.2617001939.to_port": "443",
                            "name": "locutus-sg",
                            "owner_id": "552260190311",
                            "tags.%": "0",
                            "vpc_id": "vpc-1ae6707f"
                        },
                        "meta": {},
                        "tainted": false
                    },
                    "deposed": [],
                    "provider": ""
                },
                "aws_security_group_rule.egress": {
                    "type": "aws_security_group_rule",
                    "depends_on": [
                        "aws_security_group.sg"
                    ],
                    "primary": {
                        "id": "sgrule-1470697633",
                        "attributes": {
                            "cidr_blocks.#": "1",
                            "cidr_blocks.0": "0.0.0.0/0",
                            "from_port": "0",
                            "id": "sgrule-1470697633",
                            "ipv6_cidr_blocks.#": "0",
                            "prefix_list_ids.#": "0",
                            "protocol": "-1",
                            "security_group_id": "sg-2111325f",
                            "self": "false",
                            "to_port": "0",
                            "type": "egress"
                        },
                        "meta": {
                            "schema_version": "2"
                        },
                        "tainted": false
                    },
                    "deposed": [],
                    "provider": ""
                },
                "aws_security_group_rule.ingress.0": {
                    "type": "aws_security_group_rule",
                    "depends_on": [
                        "aws_security_group.sg"
                    ],
                    "primary": {
                        "id": "sgrule-4166005167",
                        "attributes": {
                            "cidr_blocks.#": "1",
                            "cidr_blocks.0": "0.0.0.0/0",
                            "from_port": "22",
                            "id": "sgrule-4166005167",
                            "ipv6_cidr_blocks.#": "0",
                            "prefix_list_ids.#": "0",
                            "protocol": "tcp",
                            "security_group_id": "sg-2111325f",
                            "self": "false",
                            "to_port": "22",
                            "type": "ingress"
                        },
                        "meta": {
                            "schema_version": "2"
                        },
                        "tainted": false
                    },
                    "deposed": [],
                    "provider": ""
                },
                "aws_security_group_rule.ingress.1": {
                    "type": "aws_security_group_rule",
                    "depends_on": [
                        "aws_security_group.sg"
                    ],
                    "primary": {
                        "id": "sgrule-1376451456",
                        "attributes": {
                            "cidr_blocks.#": "1",
                            "cidr_blocks.0": "0.0.0.0/0",
                            "from_port": "443",
                            "id": "sgrule-1376451456",
                            "ipv6_cidr_blocks.#": "0",
                            "prefix_list_ids.#": "0",
                            "protocol": "tcp",
                            "security_group_id": "sg-2111325f",
                            "self": "false",
                            "to_port": "443",
                            "type": "ingress"
                        },
                        "meta": {
                            "schema_version": "2"
                        },
                        "tainted": false
                    },
                    "deposed": [],
                    "provider": ""
                }
            },
            "depends_on": []
        },
        {
            "path": [
                "root",
                "vpc"
            ],
            "outputs": {
                "id": {
                    "sensitive": false,
                    "type": "string",
                    "value": "vpc-e487499d"
                }
            },
            "resources": {
                "aws_vpc.vpc": {
                    "type": "aws_vpc",
                    "depends_on": [],
                    "primary": {
                        "id": "vpc-e487499d",
                        "attributes": {
                            "assign_generated_ipv6_cidr_block": "false",
                            "cidr_block": "10.100.0.0/16",
                            "default_network_acl_id": "acl-a35638da",
                            "default_route_table_id": "rtb-d934b7a1",
                            "default_security_group_id": "sg-1005266e",
                            "dhcp_options_id": "dopt-b6cad2d4",
                            "enable_classiclink": "false",
                            "enable_dns_hostnames": "true",
                            "enable_dns_support": "true",
                            "id": "vpc-e487499d",
                            "instance_tenancy": "default",
                            "main_route_table_id": "rtb-d934b7a1",
                            "tags.%": "1",
                            "tags.Name": "locutus-vpc"
                        },
                        "meta": {
                            "schema_version": "1"
                        },
                        "tainted": false
                    },
                    "deposed": [],
                    "provider": ""
                }
            },
            "depends_on": []
        }
    ]
}
